
Microsoft Visual Studio Solution File, Format Version 12.00
# Visual Studio Version 17
VisualStudioVersion = 17.13.35731.43 d17.13
MinimumVisualStudioVersion = 10.0.40219.1
Project("{FAE04EC0-301F-11D3-BF4B-00C04F79EFBC}") = "Neotech", "Neotech\Neotech.csproj", "{7B2C410B-8202-4522-9F1E-5411CBDF5903}"
EndProject
Project("{FAE04EC0-301F-11D3-BF4B-00C04F79EFBC}") = "Neotech.Domain", "Neotech.Domain\Neotech.Domain.csproj", "{FF479224-12C8-46E1-9D5D-E3F96E201DEA}"
EndProject
Project("{FAE04EC0-301F-11D3-BF4B-00C04F79EFBC}") = "Neotech.Application", "Neotech.Application\Neotech.Application.csproj", "{46AFFF18-E0F1-4DC9-8599-D8FFB270EF61}"
EndProject
Project("{FAE04EC0-301F-11D3-BF4B-00C04F79EFBC}") = "Neotech.Infrastructure", "Neotech.Infrastructure\Neotech.Infrastructure.csproj", "{C50FAADA-67DB-4757-88CE-D902E894FEBD}"
EndProject
Global
	GlobalSection(SolutionConfigurationPlatforms) = preSolution
		Debug|Any CPU = Debug|Any CPU
		Release|Any CPU = Release|Any CPU
	EndGlobalSection
	GlobalSection(ProjectConfigurationPlatforms) = postSolution
		{7B2C410B-8202-4522-9F1E-5411CBDF5903}.Debug|Any CPU.ActiveCfg = Debug|Any CPU
		{7B2C410B-8202-4522-9F1E-5411CBDF5903}.Debug|Any CPU.Build.0 = Debug|Any CPU
		{7B2C410B-8202-4522-9F1E-5411CBDF5903}.Release|Any CPU.ActiveCfg = Release|Any CPU
		{7B2C410B-8202-4522-9F1E-5411CBDF5903}.Release|Any CPU.Build.0 = Release|Any CPU
		{FF479224-12C8-46E1-9D5D-E3F96E201DEA}.Debug|Any CPU.ActiveCfg = Debug|Any CPU
		{FF479224-12C8-46E1-9D5D-E3F96E201DEA}.Debug|Any CPU.Build.0 = Debug|Any CPU
		{FF479224-12C8-46E1-9D5D-E3F96E201DEA}.Release|Any CPU.ActiveCfg = Release|Any CPU
		{FF479224-12C8-46E1-9D5D-E3F96E201DEA}.Release|Any CPU.Build.0 = Release|Any CPU
		{46AFFF18-E0F1-4DC9-8599-D8FFB270EF61}.Debug|Any CPU.ActiveCfg = Debug|Any CPU
		{46AFFF18-E0F1-4DC9-8599-D8FFB270EF61}.Debug|Any CPU.Build.0 = Debug|Any CPU
		{46AFFF18-E0F1-4DC9-8599-D8FFB270EF61}.Release|Any CPU.ActiveCfg = Release|Any CPU
		{46AFFF18-E0F1-4DC9-8599-D8FFB270EF61}.Release|Any CPU.Build.0 = Release|Any CPU
		{C50FAADA-67DB-4757-88CE-D902E894FEBD}.Debug|Any CPU.ActiveCfg = Debug|Any CPU
		{C50FAADA-67DB-4757-88CE-D902E894FEBD}.Debug|Any CPU.Build.0 = Debug|Any CPU
		{C50FAADA-67DB-4757-88CE-D902E894FEBD}.Release|Any CPU.ActiveCfg = Release|Any CPU
		{C50FAADA-67DB-4757-88CE-D902E894FEBD}.Release|Any CPU.Build.0 = Release|Any CPU
	EndGlobalSection
	GlobalSection(SolutionProperties) = preSolution
		HideSolutionNode = FALSE
	EndGlobalSection
	GlobalSection(ExtensibilityGlobals) = postSolution
		SolutionGuid = {197A8977-BDDD-4547-A2F8-ED1BAF548BE0}
	EndGlobalSection
EndGlobal
